
Microsoft Visual Studio Solution File, Format Version 12.00
# Visual Studio Version 17
VisualStudioVersion = 17.12.35514.174
MinimumVisualStudioVersion = 10.0.40219.1
Project("{2150E333-8FDC-42A3-9474-1A3956D46DE8}") = "src", "src", "{EF7A0901-3FF5-461E-896A-30BE7E030FF0}"
EndProject
Project("{2150E333-8FDC-42A3-9474-1A3956D46DE8}") = "test", "test", "{80F179A9-FE4B-425D-B437-539C8B359783}"
EndProject
Project("{2150E333-8FDC-42A3-9474-1A3956D46DE8}") = "Features", "Features", "{B7A8F968-DD63-4857-9A6F-ADAE45CB0FC7}"
EndProject
Project("{2150E333-8FDC-42A3-9474-1A3956D46DE8}") = "Features", "Features", "{B0575735-2E4A-4452-A8D8-94EA0A351A17}"
EndProject
Project("{2150E333-8FDC-42A3-9474-1A3956D46DE8}") = "DatiPedana", "DatiPedana", "{E3E66419-701F-49F0-B419-3CB9E0B9C88A}"
EndProject
Project("{FAE04EC0-301F-11D3-BF4B-00C04F79EFBC}") = "DataPedanaHandler", "src\DatiPedana\DataPedanaHandler\DataPedanaHandler.csproj", "{6EB0D921-1449-4E0D-A22E-27FE067E9532}"
EndProject
Project("{2150E333-8FDC-42A3-9474-1A3956D46DE8}") = "DatiPedana", "DatiPedana", "{CAA639CD-42A5-4F00-95B9-87921A097453}"
EndProject
Project("{FAE04EC0-301F-11D3-BF4B-00C04F79EFBC}") = "DatiPedanaTests", "test\DatiPedana\DatiPedanaTests\DatiPedanaTests.csproj", "{9E85993F-5E05-443F-9C7A-9752F30C8E84}"
EndProject
Project("{FAE04EC0-301F-11D3-BF4B-00C04F79EFBC}") = "SportApp", "src\SportApp\SportApp.csproj", "{11245669-36EC-4E41-81BC-7F6597106CFF}"
EndProject
Project("{FAE04EC0-301F-11D3-BF4B-00C04F79EFBC}") = "DatiPedanaUI", "src\DatiPedana\DatiPedanaUI\DatiPedanaUI.csproj", "{3785DF67-4D69-49A8-A5B2-98336F85D252}"
EndProject
Global
	GlobalSection(SolutionConfigurationPlatforms) = preSolution
		Debug|Any CPU = Debug|Any CPU
		Release|Any CPU = Release|Any CPU
	EndGlobalSection
	GlobalSection(ProjectConfigurationPlatforms) = postSolution
		{6EB0D921-1449-4E0D-A22E-27FE067E9532}.Debug|Any CPU.ActiveCfg = Debug|Any CPU
		{6EB0D921-1449-4E0D-A22E-27FE067E9532}.Debug|Any CPU.Build.0 = Debug|Any CPU
		{6EB0D921-1449-4E0D-A22E-27FE067E9532}.Release|Any CPU.ActiveCfg = Release|Any CPU
		{6EB0D921-1449-4E0D-A22E-27FE067E9532}.Release|Any CPU.Build.0 = Release|Any CPU
		{9E85993F-5E05-443F-9C7A-9752F30C8E84}.Debug|Any CPU.ActiveCfg = Debug|Any CPU
		{9E85993F-5E05-443F-9C7A-9752F30C8E84}.Debug|Any CPU.Build.0 = Debug|Any CPU
		{9E85993F-5E05-443F-9C7A-9752F30C8E84}.Release|Any CPU.ActiveCfg = Release|Any CPU
		{9E85993F-5E05-443F-9C7A-9752F30C8E84}.Release|Any CPU.Build.0 = Release|Any CPU
		{11245669-36EC-4E41-81BC-7F6597106CFF}.Debug|Any CPU.ActiveCfg = Debug|Any CPU
		{11245669-36EC-4E41-81BC-7F6597106CFF}.Debug|Any CPU.Build.0 = Debug|Any CPU
		{11245669-36EC-4E41-81BC-7F6597106CFF}.Release|Any CPU.ActiveCfg = Release|Any CPU
		{11245669-36EC-4E41-81BC-7F6597106CFF}.Release|Any CPU.Build.0 = Release|Any CPU
		{3785DF67-4D69-49A8-A5B2-98336F85D252}.Debug|Any CPU.ActiveCfg = Debug|Any CPU
		{3785DF67-4D69-49A8-A5B2-98336F85D252}.Debug|Any CPU.Build.0 = Debug|Any CPU
		{3785DF67-4D69-49A8-A5B2-98336F85D252}.Release|Any CPU.ActiveCfg = Release|Any CPU
		{3785DF67-4D69-49A8-A5B2-98336F85D252}.Release|Any CPU.Build.0 = Release|Any CPU
	EndGlobalSection
	GlobalSection(SolutionProperties) = preSolution
		HideSolutionNode = FALSE
	EndGlobalSection
	GlobalSection(NestedProjects) = preSolution
		{B7A8F968-DD63-4857-9A6F-ADAE45CB0FC7} = {EF7A0901-3FF5-461E-896A-30BE7E030FF0}
		{B0575735-2E4A-4452-A8D8-94EA0A351A17} = {80F179A9-FE4B-425D-B437-539C8B359783}
		{E3E66419-701F-49F0-B419-3CB9E0B9C88A} = {B7A8F968-DD63-4857-9A6F-ADAE45CB0FC7}
		{6EB0D921-1449-4E0D-A22E-27FE067E9532} = {E3E66419-701F-49F0-B419-3CB9E0B9C88A}
		{CAA639CD-42A5-4F00-95B9-87921A097453} = {B0575735-2E4A-4452-A8D8-94EA0A351A17}
		{9E85993F-5E05-443F-9C7A-9752F30C8E84} = {CAA639CD-42A5-4F00-95B9-87921A097453}
		{11245669-36EC-4E41-81BC-7F6597106CFF} = {EF7A0901-3FF5-461E-896A-30BE7E030FF0}
		{3785DF67-4D69-49A8-A5B2-98336F85D252} = {E3E66419-701F-49F0-B419-3CB9E0B9C88A}
	EndGlobalSection
EndGlobal
